// !$*UTF8*$!
{
	archiveVersion = 1;
	classes = {
	};
	objectVersion = 46;
	objects = {

/* Begin PBXBuildFile section */
		142F2402197D4A7200C2DE53 /* Contents.json in Resources */ = {isa = PBXBuildFile; fileRef = 142F23FE197D4A7200C2DE53 /* Contents.json */; };
		142F242C197EC75100C2DE53 /* Contents.json in Resources */ = {isa = PBXBuildFile; fileRef = 142F2407197EC75100C2DE53 /* Contents.json */; };
		142F2435197EC75100C2DE53 /* Contents.json in Resources */ = {isa = PBXBuildFile; fileRef = 142F2412197EC75100C2DE53 /* Contents.json */; };
		142F2436197EC75100C2DE53 /* Contents.json in Resources */ = {isa = PBXBuildFile; fileRef = 142F2414197EC75100C2DE53 /* Contents.json */; };
		142F2439197EC75100C2DE53 /* Contents.json in Resources */ = {isa = PBXBuildFile; fileRef = 142F2418197EC75100C2DE53 /* Contents.json */; };
		142F243C197EC75100C2DE53 /* Contents.json in Resources */ = {isa = PBXBuildFile; fileRef = 142F241C197EC75100C2DE53 /* Contents.json */; };
		142F243F197EC75100C2DE53 /* Contents.json in Resources */ = {isa = PBXBuildFile; fileRef = 142F2420197EC75100C2DE53 /* Contents.json */; };
		142F2442197EC75100C2DE53 /* Contents.json in Resources */ = {isa = PBXBuildFile; fileRef = 142F2424197EC75100C2DE53 /* Contents.json */; };
		142F2445197EC75100C2DE53 /* Contents.json in Resources */ = {isa = PBXBuildFile; fileRef = 142F2428197EC75100C2DE53 /* Contents.json */; };
		142FEC2F193A89C800C660C7 /* parse_credentials.json in Resources */ = {isa = PBXBuildFile; fileRef = 142FEC2E193A89C800C660C7 /* parse_credentials.json */; };
		142FEC35193AB16500C660C7 /* LoginViewController.m in Sources */ = {isa = PBXBuildFile; fileRef = 142FEC34193AB16400C660C7 /* LoginViewController.m */; };
		142FEC38193AB17B00C660C7 /* SignUpViewController.m in Sources */ = {isa = PBXBuildFile; fileRef = 142FEC37193AB17B00C660C7 /* SignUpViewController.m */; };
		143242D2193A57EA0087230F /* Foundation.framework in Frameworks */ = {isa = PBXBuildFile; fileRef = 143242D1193A57EA0087230F /* Foundation.framework */; };
		143242D4193A57EA0087230F /* CoreGraphics.framework in Frameworks */ = {isa = PBXBuildFile; fileRef = 143242D3193A57EA0087230F /* CoreGraphics.framework */; };
		143242D6193A57EA0087230F /* UIKit.framework in Frameworks */ = {isa = PBXBuildFile; fileRef = 143242D5193A57EA0087230F /* UIKit.framework */; };
		143242DC193A57EA0087230F /* InfoPlist.strings in Resources */ = {isa = PBXBuildFile; fileRef = 143242DA193A57EA0087230F /* InfoPlist.strings */; };
		143242DE193A57EA0087230F /* main.m in Sources */ = {isa = PBXBuildFile; fileRef = 143242DD193A57EA0087230F /* main.m */; };
		143242E2193A57EA0087230F /* AppDelegate.m in Sources */ = {isa = PBXBuildFile; fileRef = 143242E1193A57EA0087230F /* AppDelegate.m */; };
		143242E4193A57EA0087230F /* Images.xcassets in Resources */ = {isa = PBXBuildFile; fileRef = 143242E3193A57EA0087230F /* Images.xcassets */; };
		143242EB193A57EA0087230F /* XCTest.framework in Frameworks */ = {isa = PBXBuildFile; fileRef = 143242EA193A57EA0087230F /* XCTest.framework */; };
		143242EC193A57EA0087230F /* Foundation.framework in Frameworks */ = {isa = PBXBuildFile; fileRef = 143242D1193A57EA0087230F /* Foundation.framework */; };
		143242ED193A57EA0087230F /* UIKit.framework in Frameworks */ = {isa = PBXBuildFile; fileRef = 143242D5193A57EA0087230F /* UIKit.framework */; };
		143242F5193A57EA0087230F /* InfoPlist.strings in Resources */ = {isa = PBXBuildFile; fileRef = 143242F3193A57EA0087230F /* InfoPlist.strings */; };
		143242F7193A57EA0087230F /* GhostchatTests.m in Sources */ = {isa = PBXBuildFile; fileRef = 143242F6193A57EA0087230F /* GhostchatTests.m */; };
		14324301193A58320087230F /* MainStoryboard.storyboard in Resources */ = {isa = PBXBuildFile; fileRef = 14324300193A58320087230F /* MainStoryboard.storyboard */; };
		14324311193A67B50087230F /* InboxTableViewController.m in Sources */ = {isa = PBXBuildFile; fileRef = 14324310193A67B50087230F /* InboxTableViewController.m */; };
		14324313193A812B0087230F /* Parse.framework in Frameworks */ = {isa = PBXBuildFile; fileRef = 14324312193A812B0087230F /* Parse.framework */; };
		1432431D193A81DD0087230F /* AudioToolbox.framework in Frameworks */ = {isa = PBXBuildFile; fileRef = 14324314193A81DD0087230F /* AudioToolbox.framework */; };
		1432431E193A81DD0087230F /* CFNetwork.framework in Frameworks */ = {isa = PBXBuildFile; fileRef = 14324315193A81DD0087230F /* CFNetwork.framework */; };
		1432431F193A81DD0087230F /* CoreLocation.framework in Frameworks */ = {isa = PBXBuildFile; fileRef = 14324316193A81DD0087230F /* CoreLocation.framework */; };
		14324320193A81DD0087230F /* libz.1.1.3.dylib in Frameworks */ = {isa = PBXBuildFile; fileRef = 14324317193A81DD0087230F /* libz.1.1.3.dylib */; };
		14324321193A81DD0087230F /* MobileCoreServices.framework in Frameworks */ = {isa = PBXBuildFile; fileRef = 14324318193A81DD0087230F /* MobileCoreServices.framework */; };
		14324322193A81DD0087230F /* QuartzCore.framework in Frameworks */ = {isa = PBXBuildFile; fileRef = 14324319193A81DD0087230F /* QuartzCore.framework */; };
		14324323193A81DD0087230F /* Security.framework in Frameworks */ = {isa = PBXBuildFile; fileRef = 1432431A193A81DD0087230F /* Security.framework */; };
		14324324193A81DD0087230F /* StoreKit.framework in Frameworks */ = {isa = PBXBuildFile; fileRef = 1432431B193A81DD0087230F /* StoreKit.framework */; };
		14324325193A81DD0087230F /* SystemConfiguration.framework in Frameworks */ = {isa = PBXBuildFile; fileRef = 1432431C193A81DD0087230F /* SystemConfiguration.framework */; };
		146A327B19425EE800691F70 /* FriendsTableViewController.m in Sources */ = {isa = PBXBuildFile; fileRef = 146A327A19425EE800691F70 /* FriendsTableViewController.m */; };
		146A327E1943539100691F70 /* CameraTableViewController.m in Sources */ = {isa = PBXBuildFile; fileRef = 146A327D1943539100691F70 /* CameraTableViewController.m */; };
		1492005C19673D62006FD22B /* MediaPlayer.framework in Frameworks */ = {isa = PBXBuildFile; fileRef = 1492005B19673D62006FD22B /* MediaPlayer.framework */; };
		14D0DD1F1944FFE700430268 /* ImageViewController.m in Sources */ = {isa = PBXBuildFile; fileRef = 14D0DD1E1944FFE700430268 /* ImageViewController.m */; };
		14F11749193FD43B0050B551 /* EditFriendsTableViewController.m in Sources */ = {isa = PBXBuildFile; fileRef = 14F11748193FD43B0050B551 /* EditFriendsTableViewController.m */; };
/* End PBXBuildFile section */

/* Begin PBXContainerItemProxy section */
		143242EE193A57EA0087230F /* PBXContainerItemProxy */ = {
			isa = PBXContainerItemProxy;
			containerPortal = 143242C6193A57EA0087230F /* Project object */;
			proxyType = 1;
			remoteGlobalIDString = 143242CD193A57EA0087230F;
			remoteInfo = Ghostchat;
		};
/* End PBXContainerItemProxy section */

/* Begin PBXFileReference section */
		142F23FE197D4A7200C2DE53 /* Contents.json */ = {isa = PBXFileReference; fileEncoding = 4; lastKnownFileType = text.json; path = Contents.json; sourceTree = "<group>"; };
		142F2407197EC75100C2DE53 /* Contents.json */ = {isa = PBXFileReference; fileEncoding = 4; lastKnownFileType = text.json; path = Contents.json; sourceTree = "<group>"; };
		142F2412197EC75100C2DE53 /* Contents.json */ = {isa = PBXFileReference; fileEncoding = 4; lastKnownFileType = text.json; path = Contents.json; sourceTree = "<group>"; };
		142F2414197EC75100C2DE53 /* Contents.json */ = {isa = PBXFileReference; fileEncoding = 4; lastKnownFileType = text.json; path = Contents.json; sourceTree = "<group>"; };
		142F2418197EC75100C2DE53 /* Contents.json */ = {isa = PBXFileReference; fileEncoding = 4; lastKnownFileType = text.json; path = Contents.json; sourceTree = "<group>"; };
		142F241C197EC75100C2DE53 /* Contents.json */ = {isa = PBXFileReference; fileEncoding = 4; lastKnownFileType = text.json; path = Contents.json; sourceTree = "<group>"; };
		142F2420197EC75100C2DE53 /* Contents.json */ = {isa = PBXFileReference; fileEncoding = 4; lastKnownFileType = text.json; path = Contents.json; sourceTree = "<group>"; };
		142F2424197EC75100C2DE53 /* Contents.json */ = {isa = PBXFileReference; fileEncoding = 4; lastKnownFileType = text.json; path = Contents.json; sourceTree = "<group>"; };
		142F2428197EC75100C2DE53 /* Contents.json */ = {isa = PBXFileReference; fileEncoding = 4; lastKnownFileType = text.json; path = Contents.json; sourceTree = "<group>"; };
		142FEC2E193A89C800C660C7 /* parse_credentials.json */ = {isa = PBXFileReference; fileEncoding = 4; lastKnownFileType = text.json; path = parse_credentials.json; sourceTree = "<group>"; };
		142FEC33193AB16400C660C7 /* LoginViewController.h */ = {isa = PBXFileReference; fileEncoding = 4; lastKnownFileType = sourcecode.c.h; name = LoginViewController.h; path = ../LoginViewController.h; sourceTree = "<group>"; };
		142FEC34193AB16400C660C7 /* LoginViewController.m */ = {isa = PBXFileReference; fileEncoding = 4; lastKnownFileType = sourcecode.c.objc; name = LoginViewController.m; path = ../LoginViewController.m; sourceTree = "<group>"; };
		142FEC36193AB17B00C660C7 /* SignUpViewController.h */ = {isa = PBXFileReference; fileEncoding = 4; lastKnownFileType = sourcecode.c.h; name = SignUpViewController.h; path = ../SignUpViewController.h; sourceTree = "<group>"; };
		142FEC37193AB17B00C660C7 /* SignUpViewController.m */ = {isa = PBXFileReference; fileEncoding = 4; lastKnownFileType = sourcecode.c.objc; name = SignUpViewController.m; path = ../SignUpViewController.m; sourceTree = "<group>"; };
		143242CE193A57EA0087230F /* Ghostchat.app */ = {isa = PBXFileReference; explicitFileType = wrapper.application; includeInIndex = 0; path = Ghostchat.app; sourceTree = BUILT_PRODUCTS_DIR; };
		143242D1193A57EA0087230F /* Foundation.framework */ = {isa = PBXFileReference; lastKnownFileType = wrapper.framework; name = Foundation.framework; path = System/Library/Frameworks/Foundation.framework; sourceTree = SDKROOT; };
		143242D3193A57EA0087230F /* CoreGraphics.framework */ = {isa = PBXFileReference; lastKnownFileType = wrapper.framework; name = CoreGraphics.framework; path = System/Library/Frameworks/CoreGraphics.framework; sourceTree = SDKROOT; };
		143242D5193A57EA0087230F /* UIKit.framework */ = {isa = PBXFileReference; lastKnownFileType = wrapper.framework; name = UIKit.framework; path = System/Library/Frameworks/UIKit.framework; sourceTree = SDKROOT; };
		143242D9193A57EA0087230F /* Ghostchat-Info.plist */ = {isa = PBXFileReference; lastKnownFileType = text.plist.xml; path = "Ghostchat-Info.plist"; sourceTree = "<group>"; };
		143242DB193A57EA0087230F /* en */ = {isa = PBXFileReference; lastKnownFileType = text.plist.strings; name = en; path = en.lproj/InfoPlist.strings; sourceTree = "<group>"; };
		143242DD193A57EA0087230F /* main.m */ = {isa = PBXFileReference; lastKnownFileType = sourcecode.c.objc; path = main.m; sourceTree = "<group>"; };
		143242DF193A57EA0087230F /* Ghostchat-Prefix.pch */ = {isa = PBXFileReference; lastKnownFileType = sourcecode.c.h; path = "Ghostchat-Prefix.pch"; sourceTree = "<group>"; };
		143242E0193A57EA0087230F /* AppDelegate.h */ = {isa = PBXFileReference; lastKnownFileType = sourcecode.c.h; path = AppDelegate.h; sourceTree = "<group>"; };
		143242E1193A57EA0087230F /* AppDelegate.m */ = {isa = PBXFileReference; lastKnownFileType = sourcecode.c.objc; path = AppDelegate.m; sourceTree = "<group>"; };
		143242E3193A57EA0087230F /* Images.xcassets */ = {isa = PBXFileReference; lastKnownFileType = folder.assetcatalog; path = Images.xcassets; sourceTree = "<group>"; };
		143242E9193A57EA0087230F /* GhostchatTests.xctest */ = {isa = PBXFileReference; explicitFileType = wrapper.cfbundle; includeInIndex = 0; path = GhostchatTests.xctest; sourceTree = BUILT_PRODUCTS_DIR; };
		143242EA193A57EA0087230F /* XCTest.framework */ = {isa = PBXFileReference; lastKnownFileType = wrapper.framework; name = XCTest.framework; path = Library/Frameworks/XCTest.framework; sourceTree = DEVELOPER_DIR; };
		143242F2193A57EA0087230F /* GhostchatTests-Info.plist */ = {isa = PBXFileReference; lastKnownFileType = text.plist.xml; path = "GhostchatTests-Info.plist"; sourceTree = "<group>"; };
		143242F4193A57EA0087230F /* en */ = {isa = PBXFileReference; lastKnownFileType = text.plist.strings; name = en; path = en.lproj/InfoPlist.strings; sourceTree = "<group>"; };
		143242F6193A57EA0087230F /* GhostchatTests.m */ = {isa = PBXFileReference; lastKnownFileType = sourcecode.c.objc; path = GhostchatTests.m; sourceTree = "<group>"; };
		14324300193A58320087230F /* MainStoryboard.storyboard */ = {isa = PBXFileReference; fileEncoding = 4; lastKnownFileType = file.storyboard; name = MainStoryboard.storyboard; path = ../MainStoryboard.storyboard; sourceTree = "<group>"; };
		1432430F193A67B50087230F /* InboxTableViewController.h */ = {isa = PBXFileReference; fileEncoding = 4; lastKnownFileType = sourcecode.c.h; name = InboxTableViewController.h; path = ../InboxTableViewController.h; sourceTree = "<group>"; };
		14324310193A67B50087230F /* InboxTableViewController.m */ = {isa = PBXFileReference; fileEncoding = 4; lastKnownFileType = sourcecode.c.objc; name = InboxTableViewController.m; path = ../InboxTableViewController.m; sourceTree = "<group>"; };
		14324312193A812B0087230F /* Parse.framework */ = {isa = PBXFileReference; lastKnownFileType = wrapper.framework; path = Parse.framework; sourceTree = "<group>"; };
		14324314193A81DD0087230F /* AudioToolbox.framework */ = {isa = PBXFileReference; lastKnownFileType = wrapper.framework; name = AudioToolbox.framework; path = System/Library/Frameworks/AudioToolbox.framework; sourceTree = SDKROOT; };
		14324315193A81DD0087230F /* CFNetwork.framework */ = {isa = PBXFileReference; lastKnownFileType = wrapper.framework; name = CFNetwork.framework; path = System/Library/Frameworks/CFNetwork.framework; sourceTree = SDKROOT; };
		14324316193A81DD0087230F /* CoreLocation.framework */ = {isa = PBXFileReference; lastKnownFileType = wrapper.framework; name = CoreLocation.framework; path = System/Library/Frameworks/CoreLocation.framework; sourceTree = SDKROOT; };
		14324317193A81DD0087230F /* libz.1.1.3.dylib */ = {isa = PBXFileReference; lastKnownFileType = "compiled.mach-o.dylib"; name = libz.1.1.3.dylib; path = usr/lib/libz.1.1.3.dylib; sourceTree = SDKROOT; };
		14324318193A81DD0087230F /* MobileCoreServices.framework */ = {isa = PBXFileReference; lastKnownFileType = wrapper.framework; name = MobileCoreServices.framework; path = System/Library/Frameworks/MobileCoreServices.framework; sourceTree = SDKROOT; };
		14324319193A81DD0087230F /* QuartzCore.framework */ = {isa = PBXFileReference; lastKnownFileType = wrapper.framework; name = QuartzCore.framework; path = System/Library/Frameworks/QuartzCore.framework; sourceTree = SDKROOT; };
		1432431A193A81DD0087230F /* Security.framework */ = {isa = PBXFileReference; lastKnownFileType = wrapper.framework; name = Security.framework; path = System/Library/Frameworks/Security.framework; sourceTree = SDKROOT; };
		1432431B193A81DD0087230F /* StoreKit.framework */ = {isa = PBXFileReference; lastKnownFileType = wrapper.framework; name = StoreKit.framework; path = System/Library/Frameworks/StoreKit.framework; sourceTree = SDKROOT; };
		1432431C193A81DD0087230F /* SystemConfiguration.framework */ = {isa = PBXFileReference; lastKnownFileType = wrapper.framework; name = SystemConfiguration.framework; path = System/Library/Frameworks/SystemConfiguration.framework; sourceTree = SDKROOT; };
		146A327919425EE800691F70 /* FriendsTableViewController.h */ = {isa = PBXFileReference; fileEncoding = 4; lastKnownFileType = sourcecode.c.h; name = FriendsTableViewController.h; path = ../FriendsTableViewController.h; sourceTree = "<group>"; };
		146A327A19425EE800691F70 /* FriendsTableViewController.m */ = {isa = PBXFileReference; fileEncoding = 4; lastKnownFileType = sourcecode.c.objc; name = FriendsTableViewController.m; path = ../FriendsTableViewController.m; sourceTree = "<group>"; };
		146A327C1943539100691F70 /* CameraTableViewController.h */ = {isa = PBXFileReference; fileEncoding = 4; lastKnownFileType = sourcecode.c.h; path = CameraTableViewController.h; sourceTree = "<group>"; };
		146A327D1943539100691F70 /* CameraTableViewController.m */ = {isa = PBXFileReference; fileEncoding = 4; lastKnownFileType = sourcecode.c.objc; path = CameraTableViewController.m; sourceTree = "<group>"; };
		1492005B19673D62006FD22B /* MediaPlayer.framework */ = {isa = PBXFileReference; lastKnownFileType = wrapper.framework; name = MediaPlayer.framework; path = System/Library/Frameworks/MediaPlayer.framework; sourceTree = SDKROOT; };
		14D0DD1D1944FFE700430268 /* ImageViewController.h */ = {isa = PBXFileReference; fileEncoding = 4; lastKnownFileType = sourcecode.c.h; path = ImageViewController.h; sourceTree = "<group>"; };
		14D0DD1E1944FFE700430268 /* ImageViewController.m */ = {isa = PBXFileReference; fileEncoding = 4; lastKnownFileType = sourcecode.c.objc; path = ImageViewController.m; sourceTree = "<group>"; };
		14F11747193FD43B0050B551 /* EditFriendsTableViewController.h */ = {isa = PBXFileReference; fileEncoding = 4; lastKnownFileType = sourcecode.c.h; name = EditFriendsTableViewController.h; path = ../EditFriendsTableViewController.h; sourceTree = "<group>"; };
		14F11748193FD43B0050B551 /* EditFriendsTableViewController.m */ = {isa = PBXFileReference; fileEncoding = 4; lastKnownFileType = sourcecode.c.objc; name = EditFriendsTableViewController.m; path = ../EditFriendsTableViewController.m; sourceTree = "<group>"; };
/* End PBXFileReference section */

/* Begin PBXFrameworksBuildPhase section */
		143242CB193A57EA0087230F /* Frameworks */ = {
			isa = PBXFrameworksBuildPhase;
			buildActionMask = 2147483647;
			files = (
				1492005C19673D62006FD22B /* MediaPlayer.framework in Frameworks */,
				1432431D193A81DD0087230F /* AudioToolbox.framework in Frameworks */,
				1432431E193A81DD0087230F /* CFNetwork.framework in Frameworks */,
				1432431F193A81DD0087230F /* CoreLocation.framework in Frameworks */,
				14324320193A81DD0087230F /* libz.1.1.3.dylib in Frameworks */,
				14324321193A81DD0087230F /* MobileCoreServices.framework in Frameworks */,
				14324322193A81DD0087230F /* QuartzCore.framework in Frameworks */,
				14324323193A81DD0087230F /* Security.framework in Frameworks */,
				14324324193A81DD0087230F /* StoreKit.framework in Frameworks */,
				14324325193A81DD0087230F /* SystemConfiguration.framework in Frameworks */,
				143242D4193A57EA0087230F /* CoreGraphics.framework in Frameworks */,
				143242D6193A57EA0087230F /* UIKit.framework in Frameworks */,
				14324313193A812B0087230F /* Parse.framework in Frameworks */,
				143242D2193A57EA0087230F /* Foundation.framework in Frameworks */,
			);
			runOnlyForDeploymentPostprocessing = 0;
		};
		143242E6193A57EA0087230F /* Frameworks */ = {
			isa = PBXFrameworksBuildPhase;
			buildActionMask = 2147483647;
			files = (
				143242EB193A57EA0087230F /* XCTest.framework in Frameworks */,
				143242ED193A57EA0087230F /* UIKit.framework in Frameworks */,
				143242EC193A57EA0087230F /* Foundation.framework in Frameworks */,
			);
			runOnlyForDeploymentPostprocessing = 0;
		};
/* End PBXFrameworksBuildPhase section */

/* Begin PBXGroup section */
		142F23FD197D4A7200C2DE53 /* LaunchImage.launchimage */ = {
			isa = PBXGroup;
			children = (
				142F23FE197D4A7200C2DE53 /* Contents.json */,
			);
			name = LaunchImage.launchimage;
			path = images/LaunchImage.launchimage;
			sourceTree = "<group>";
		};
		142F2406197EC75100C2DE53 /* AppIcon.appiconset */ = {
			isa = PBXGroup;
			children = (
				142F2407197EC75100C2DE53 /* Contents.json */,
				142F240E197EC75100C2DE53 /* untitled folder */,
			);
			name = AppIcon.appiconset;
			path = "../../../Downloads/Ribbit 2/Ribbit/Images.xcassets/AppIcon.appiconset";
			sourceTree = "<group>";
		};
		142F240E197EC75100C2DE53 /* untitled folder */ = {
			isa = PBXGroup;
			children = (
			);
			path = "untitled folder";
			sourceTree = "<group>";
		};
		142F240F197EC75100C2DE53 /* camera.imageset */ = {
			isa = PBXGroup;
			children = (
				142F2412197EC75100C2DE53 /* Contents.json */,
			);
			name = camera.imageset;
			path = "../../../Downloads/Ribbit 2/Ribbit/Images.xcassets/camera.imageset";
			sourceTree = "<group>";
		};
		142F2413197EC75100C2DE53 /* friends.imageset */ = {
			isa = PBXGroup;
			children = (
				142F2414197EC75100C2DE53 /* Contents.json */,
			);
			name = friends.imageset;
			path = "../../../Downloads/Ribbit 2/Ribbit/Images.xcassets/friends.imageset";
			sourceTree = "<group>";
		};
		142F2417197EC75100C2DE53 /* icon_image.imageset */ = {
			isa = PBXGroup;
			children = (
				142F2418197EC75100C2DE53 /* Contents.json */,
			);
			name = icon_image.imageset;
			path = "../../../Downloads/Ribbit 2/Ribbit/Images.xcassets/icon_image.imageset";
			sourceTree = "<group>";
		};
		142F241B197EC75100C2DE53 /* icon_video.imageset */ = {
			isa = PBXGroup;
			children = (
				142F241C197EC75100C2DE53 /* Contents.json */,
			);
			name = icon_video.imageset;
			path = "../../../Downloads/Ribbit 2/Ribbit/Images.xcassets/icon_video.imageset";
			sourceTree = "<group>";
		};
		142F241F197EC75100C2DE53 /* icon_x.imageset */ = {
			isa = PBXGroup;
			children = (
				142F2420197EC75100C2DE53 /* Contents.json */,
			);
			name = icon_x.imageset;
			path = "../../../Downloads/Ribbit 2/Ribbit/Images.xcassets/icon_x.imageset";
			sourceTree = "<group>";
		};
		142F2423197EC75100C2DE53 /* inbox.imageset */ = {
			isa = PBXGroup;
			children = (
				142F2424197EC75100C2DE53 /* Contents.json */,
			);
			name = inbox.imageset;
			path = "../../../Downloads/Ribbit 2/Ribbit/Images.xcassets/inbox.imageset";
			sourceTree = "<group>";
		};
		142F2427197EC75100C2DE53 /* loginBackground.imageset */ = {
			isa = PBXGroup;
			children = (
				142F2428197EC75100C2DE53 /* Contents.json */,
			);
			name = loginBackground.imageset;
			path = "../../../Downloads/Ribbit 2/Ribbit/Images.xcassets/loginBackground.imageset";
			sourceTree = "<group>";
		};
		143242C5193A57EA0087230F = {
			isa = PBXGroup;
			children = (
				142FEC2E193A89C800C660C7 /* parse_credentials.json */,
				1432430E193A5D0B0087230F /* Images */,
				143242D7193A57EA0087230F /* Ghostchat */,
				143242F0193A57EA0087230F /* GhostchatTests */,
				143242D0193A57EA0087230F /* Frameworks */,
				143242CF193A57EA0087230F /* Products */,
			);
			sourceTree = "<group>";
		};
		143242CF193A57EA0087230F /* Products */ = {
			isa = PBXGroup;
			children = (
				143242CE193A57EA0087230F /* Ghostchat.app */,
				143242E9193A57EA0087230F /* GhostchatTests.xctest */,
			);
			name = Products;
			sourceTree = "<group>";
		};
		143242D0193A57EA0087230F /* Frameworks */ = {
			isa = PBXGroup;
			children = (
				1492005B19673D62006FD22B /* MediaPlayer.framework */,
				14324314193A81DD0087230F /* AudioToolbox.framework */,
				14324315193A81DD0087230F /* CFNetwork.framework */,
				14324316193A81DD0087230F /* CoreLocation.framework */,
				14324317193A81DD0087230F /* libz.1.1.3.dylib */,
				14324318193A81DD0087230F /* MobileCoreServices.framework */,
				14324319193A81DD0087230F /* QuartzCore.framework */,
				1432431A193A81DD0087230F /* Security.framework */,
				1432431B193A81DD0087230F /* StoreKit.framework */,
				1432431C193A81DD0087230F /* SystemConfiguration.framework */,
				14324312193A812B0087230F /* Parse.framework */,
				143242D1193A57EA0087230F /* Foundation.framework */,
				143242D3193A57EA0087230F /* CoreGraphics.framework */,
				143242D5193A57EA0087230F /* UIKit.framework */,
				143242EA193A57EA0087230F /* XCTest.framework */,
			);
			name = Frameworks;
			sourceTree = "<group>";
		};
		143242D7193A57EA0087230F /* Ghostchat */ = {
			isa = PBXGroup;
			children = (
				14324300193A58320087230F /* MainStoryboard.storyboard */,
				14D0DD1D1944FFE700430268 /* ImageViewController.h */,
				14D0DD1E1944FFE700430268 /* ImageViewController.m */,
				146A327919425EE800691F70 /* FriendsTableViewController.h */,
				146A327A19425EE800691F70 /* FriendsTableViewController.m */,
				14F11747193FD43B0050B551 /* EditFriendsTableViewController.h */,
				14F11748193FD43B0050B551 /* EditFriendsTableViewController.m */,
				146A327C1943539100691F70 /* CameraTableViewController.h */,
				146A327D1943539100691F70 /* CameraTableViewController.m */,
				142FEC33193AB16400C660C7 /* LoginViewController.h */,
				142FEC34193AB16400C660C7 /* LoginViewController.m */,
				142FEC36193AB17B00C660C7 /* SignUpViewController.h */,
				142FEC37193AB17B00C660C7 /* SignUpViewController.m */,
				1432430F193A67B50087230F /* InboxTableViewController.h */,
				14324310193A67B50087230F /* InboxTableViewController.m */,
				143242E0193A57EA0087230F /* AppDelegate.h */,
				143242E1193A57EA0087230F /* AppDelegate.m */,
				143242E3193A57EA0087230F /* Images.xcassets */,
				143242D8193A57EA0087230F /* Supporting Files */,
			);
			path = Ghostchat;
			sourceTree = "<group>";
		};
		143242D8193A57EA0087230F /* Supporting Files */ = {
			isa = PBXGroup;
			children = (
				143242D9193A57EA0087230F /* Ghostchat-Info.plist */,
				143242DA193A57EA0087230F /* InfoPlist.strings */,
				143242DD193A57EA0087230F /* main.m */,
				143242DF193A57EA0087230F /* Ghostchat-Prefix.pch */,
			);
			name = "Supporting Files";
			sourceTree = "<group>";
		};
		143242F0193A57EA0087230F /* GhostchatTests */ = {
			isa = PBXGroup;
			children = (
				143242F6193A57EA0087230F /* GhostchatTests.m */,
				143242F1193A57EA0087230F /* Supporting Files */,
			);
			path = GhostchatTests;
			sourceTree = "<group>";
		};
		143242F1193A57EA0087230F /* Supporting Files */ = {
			isa = PBXGroup;
			children = (
				143242F2193A57EA0087230F /* GhostchatTests-Info.plist */,
				143242F3193A57EA0087230F /* InfoPlist.strings */,
			);
			name = "Supporting Files";
			sourceTree = "<group>";
		};
		1432430E193A5D0B0087230F /* Images */ = {
			isa = PBXGroup;
			children = (
				142F2406197EC75100C2DE53 /* AppIcon.appiconset */,
				142F240F197EC75100C2DE53 /* camera.imageset */,
				142F2413197EC75100C2DE53 /* friends.imageset */,
				142F2417197EC75100C2DE53 /* icon_image.imageset */,
				142F241B197EC75100C2DE53 /* icon_video.imageset */,
				142F241F197EC75100C2DE53 /* icon_x.imageset */,
				142F2423197EC75100C2DE53 /* inbox.imageset */,
				142F2427197EC75100C2DE53 /* loginBackground.imageset */,
				142F23FD197D4A7200C2DE53 /* LaunchImage.launchimage */,
			);
			name = Images;
			sourceTree = "<group>";
		};
/* End PBXGroup section */

/* Begin PBXNativeTarget section */
		143242CD193A57EA0087230F /* Ghostchat */ = {
			isa = PBXNativeTarget;
			buildConfigurationList = 143242FA193A57EA0087230F /* Build configuration list for PBXNativeTarget "Ghostchat" */;
			buildPhases = (
				143242CA193A57EA0087230F /* Sources */,
				143242CB193A57EA0087230F /* Frameworks */,
				143242CC193A57EA0087230F /* Resources */,
			);
			buildRules = (
			);
			dependencies = (
			);
			name = Ghostchat;
			productName = Ghostchat;
			productReference = 143242CE193A57EA0087230F /* Ghostchat.app */;
			productType = "com.apple.product-type.application";
		};
		143242E8193A57EA0087230F /* GhostchatTests */ = {
			isa = PBXNativeTarget;
			buildConfigurationList = 143242FD193A57EA0087230F /* Build configuration list for PBXNativeTarget "GhostchatTests" */;
			buildPhases = (
				143242E5193A57EA0087230F /* Sources */,
				143242E6193A57EA0087230F /* Frameworks */,
				143242E7193A57EA0087230F /* Resources */,
			);
			buildRules = (
			);
			dependencies = (
				143242EF193A57EA0087230F /* PBXTargetDependency */,
			);
			name = GhostchatTests;
			productName = GhostchatTests;
			productReference = 143242E9193A57EA0087230F /* GhostchatTests.xctest */;
			productType = "com.apple.product-type.bundle.unit-test";
		};
/* End PBXNativeTarget section */

/* Begin PBXProject section */
		143242C6193A57EA0087230F /* Project object */ = {
			isa = PBXProject;
			attributes = {
				LastUpgradeCheck = 0510;
				ORGANIZATIONNAME = Cingo;
				TargetAttributes = {
					143242E8193A57EA0087230F = {
						TestTargetID = 143242CD193A57EA0087230F;
					};
				};
			};
			buildConfigurationList = 143242C9193A57EA0087230F /* Build configuration list for PBXProject "Ghostchat" */;
			compatibilityVersion = "Xcode 3.2";
			developmentRegion = English;
			hasScannedForEncodings = 0;
			knownRegions = (
				en,
			);
			mainGroup = 143242C5193A57EA0087230F;
			productRefGroup = 143242CF193A57EA0087230F /* Products */;
			projectDirPath = "";
			projectRoot = "";
			targets = (
				143242CD193A57EA0087230F /* Ghostchat */,
				143242E8193A57EA0087230F /* GhostchatTests */,
			);
		};
/* End PBXProject section */

/* Begin PBXResourcesBuildPhase section */
		143242CC193A57EA0087230F /* Resources */ = {
			isa = PBXResourcesBuildPhase;
			buildActionMask = 2147483647;
			files = (
				142F2442197EC75100C2DE53 /* Contents.json in Resources */,
				142FEC2F193A89C800C660C7 /* parse_credentials.json in Resources */,
				142F2445197EC75100C2DE53 /* Contents.json in Resources */,
				14324301193A58320087230F /* MainStoryboard.storyboard in Resources */,
				142F242C197EC75100C2DE53 /* Contents.json in Resources */,
				143242DC193A57EA0087230F /* InfoPlist.strings in Resources */,
				143242E4193A57EA0087230F /* Images.xcassets in Resources */,
				142F2435197EC75100C2DE53 /* Contents.json in Resources */,
				142F2436197EC75100C2DE53 /* Contents.json in Resources */,
				142F243C197EC75100C2DE53 /* Contents.json in Resources */,
				142F243F197EC75100C2DE53 /* Contents.json in Resources */,
				142F2402197D4A7200C2DE53 /* Contents.json in Resources */,
				142F2439197EC75100C2DE53 /* Contents.json in Resources */,
			);
			runOnlyForDeploymentPostprocessing = 0;
		};
		143242E7193A57EA0087230F /* Resources */ = {
			isa = PBXResourcesBuildPhase;
			buildActionMask = 2147483647;
			files = (
				143242F5193A57EA0087230F /* InfoPlist.strings in Resources */,
			);
			runOnlyForDeploymentPostprocessing = 0;
		};
/* End PBXResourcesBuildPhase section */

/* Begin PBXSourcesBuildPhase section */
		143242CA193A57EA0087230F /* Sources */ = {
			isa = PBXSourcesBuildPhase;
			buildActionMask = 2147483647;
			files = (
				142FEC35193AB16500C660C7 /* LoginViewController.m in Sources */,
				142FEC38193AB17B00C660C7 /* SignUpViewController.m in Sources */,
				14F11749193FD43B0050B551 /* EditFriendsTableViewController.m in Sources */,
				14324311193A67B50087230F /* InboxTableViewController.m in Sources */,
				143242E2193A57EA0087230F /* AppDelegate.m in Sources */,
				146A327B19425EE800691F70 /* FriendsTableViewController.m in Sources */,
				14D0DD1F1944FFE700430268 /* ImageViewController.m in Sources */,
				146A327E1943539100691F70 /* CameraTableViewController.m in Sources */,
				143242DE193A57EA0087230F /* main.m in Sources */,
			);
			runOnlyForDeploymentPostprocessing = 0;
		};
		143242E5193A57EA0087230F /* Sources */ = {
			isa = PBXSourcesBuildPhase;
			buildActionMask = 2147483647;
			files = (
				143242F7193A57EA0087230F /* GhostchatTests.m in Sources */,
			);
			runOnlyForDeploymentPostprocessing = 0;
		};
/* End PBXSourcesBuildPhase section */

/* Begin PBXTargetDependency section */
		143242EF193A57EA0087230F /* PBXTargetDependency */ = {
			isa = PBXTargetDependency;
			target = 143242CD193A57EA0087230F /* Ghostchat */;
			targetProxy = 143242EE193A57EA0087230F /* PBXContainerItemProxy */;
		};
/* End PBXTargetDependency section */

/* Begin PBXVariantGroup section */
		143242DA193A57EA0087230F /* InfoPlist.strings */ = {
			isa = PBXVariantGroup;
			children = (
				143242DB193A57EA0087230F /* en */,
			);
			name = InfoPlist.strings;
			sourceTree = "<group>";
		};
		143242F3193A57EA0087230F /* InfoPlist.strings */ = {
			isa = PBXVariantGroup;
			children = (
				143242F4193A57EA0087230F /* en */,
			);
			name = InfoPlist.strings;
			sourceTree = "<group>";
		};
/* End PBXVariantGroup section */

/* Begin XCBuildConfiguration section */
		143242F8193A57EA0087230F /* Debug */ = {
			isa = XCBuildConfiguration;
			buildSettings = {
				ALWAYS_SEARCH_USER_PATHS = NO;
				CLANG_CXX_LANGUAGE_STANDARD = "gnu++0x";
				CLANG_CXX_LIBRARY = "libc++";
				CLANG_ENABLE_MODULES = YES;
				CLANG_ENABLE_OBJC_ARC = YES;
				CLANG_WARN_BOOL_CONVERSION = YES;
				CLANG_WARN_CONSTANT_CONVERSION = YES;
				CLANG_WARN_DIRECT_OBJC_ISA_USAGE = YES_ERROR;
				CLANG_WARN_EMPTY_BODY = YES;
				CLANG_WARN_ENUM_CONVERSION = YES;
				CLANG_WARN_INT_CONVERSION = YES;
				CLANG_WARN_OBJC_ROOT_CLASS = YES_ERROR;
				CLANG_WARN__DUPLICATE_METHOD_MATCH = YES;
				"CODE_SIGN_IDENTITY[sdk=iphoneos*]" = "iPhone Developer";
				COPY_PHASE_STRIP = NO;
				GCC_C_LANGUAGE_STANDARD = gnu99;
				GCC_DYNAMIC_NO_PIC = NO;
				GCC_OPTIMIZATION_LEVEL = 0;
				GCC_PREPROCESSOR_DEFINITIONS = (
					"DEBUG=1",
					"$(inherited)",
				);
				GCC_SYMBOLS_PRIVATE_EXTERN = NO;
				GCC_WARN_64_TO_32_BIT_CONVERSION = YES;
				GCC_WARN_ABOUT_RETURN_TYPE = YES_ERROR;
				GCC_WARN_UNDECLARED_SELECTOR = YES;
				GCC_WARN_UNINITIALIZED_AUTOS = YES_AGGRESSIVE;
				GCC_WARN_UNUSED_FUNCTION = YES;
				GCC_WARN_UNUSED_VARIABLE = YES;
				IPHONEOS_DEPLOYMENT_TARGET = 7.1;
				ONLY_ACTIVE_ARCH = YES;
				SDKROOT = iphoneos;
			};
			name = Debug;
		};
		143242F9193A57EA0087230F /* Release */ = {
			isa = XCBuildConfiguration;
			buildSettings = {
				ALWAYS_SEARCH_USER_PATHS = NO;
				CLANG_CXX_LANGUAGE_STANDARD = "gnu++0x";
				CLANG_CXX_LIBRARY = "libc++";
				CLANG_ENABLE_MODULES = YES;
				CLANG_ENABLE_OBJC_ARC = YES;
				CLANG_WARN_BOOL_CONVERSION = YES;
				CLANG_WARN_CONSTANT_CONVERSION = YES;
				CLANG_WARN_DIRECT_OBJC_ISA_USAGE = YES_ERROR;
				CLANG_WARN_EMPTY_BODY = YES;
				CLANG_WARN_ENUM_CONVERSION = YES;
				CLANG_WARN_INT_CONVERSION = YES;
				CLANG_WARN_OBJC_ROOT_CLASS = YES_ERROR;
				CLANG_WARN__DUPLICATE_METHOD_MATCH = YES;
				"CODE_SIGN_IDENTITY[sdk=iphoneos*]" = "iPhone Developer";
				COPY_PHASE_STRIP = YES;
				ENABLE_NS_ASSERTIONS = NO;
				GCC_C_LANGUAGE_STANDARD = gnu99;
				GCC_WARN_64_TO_32_BIT_CONVERSION = YES;
				GCC_WARN_ABOUT_RETURN_TYPE = YES_ERROR;
				GCC_WARN_UNDECLARED_SELECTOR = YES;
				GCC_WARN_UNINITIALIZED_AUTOS = YES_AGGRESSIVE;
				GCC_WARN_UNUSED_FUNCTION = YES;
				GCC_WARN_UNUSED_VARIABLE = YES;
				IPHONEOS_DEPLOYMENT_TARGET = 7.1;
				SDKROOT = iphoneos;
				VALIDATE_PRODUCT = YES;
			};
			name = Release;
		};
		143242FB193A57EA0087230F /* Debug */ = {
			isa = XCBuildConfiguration;
			buildSettings = {
				ASSETCATALOG_COMPILER_APPICON_NAME = AppIcon;
				ASSETCATALOG_COMPILER_LAUNCHIMAGE_NAME = LaunchImage;
				FRAMEWORK_SEARCH_PATHS = (
					"$(inherited)",
					"$(PROJECT_DIR)",
				);
				GCC_PRECOMPILE_PREFIX_HEADER = YES;
				GCC_PREFIX_HEADER = "Ghostchat/Ghostchat-Prefix.pch";
				INFOPLIST_FILE = "Ghostchat/Ghostchat-Info.plist";
				PRODUCT_NAME = "$(TARGET_NAME)";
				TARGETED_DEVICE_FAMILY = 1;
				WRAPPER_EXTENSION = app;
			};
			name = Debug;
		};
		143242FC193A57EA0087230F /* Release */ = {
			isa = XCBuildConfiguration;
			buildSettings = {
				ASSETCATALOG_COMPILER_APPICON_NAME = AppIcon;
				ASSETCATALOG_COMPILER_LAUNCHIMAGE_NAME = LaunchImage;
				FRAMEWORK_SEARCH_PATHS = (
					"$(inherited)",
					"$(PROJECT_DIR)",
				);
				GCC_PRECOMPILE_PREFIX_HEADER = YES;
				GCC_PREFIX_HEADER = "Ghostchat/Ghostchat-Prefix.pch";
				INFOPLIST_FILE = "Ghostchat/Ghostchat-Info.plist";
				PRODUCT_NAME = "$(TARGET_NAME)";
				TARGETED_DEVICE_FAMILY = 1;
				WRAPPER_EXTENSION = app;
			};
			name = Release;
		};
		143242FE193A57EA0087230F /* Debug */ = {
			isa = XCBuildConfiguration;
			buildSettings = {
				BUNDLE_LOADER = "$(BUILT_PRODUCTS_DIR)/Ghostchat.app/Ghostchat";
				FRAMEWORK_SEARCH_PATHS = (
					"$(SDKROOT)/Developer/Library/Frameworks",
					"$(inherited)",
					"$(DEVELOPER_FRAMEWORKS_DIR)",
				);
				GCC_PRECOMPILE_PREFIX_HEADER = YES;
				GCC_PREFIX_HEADER = "Ghostchat/Ghostchat-Prefix.pch";
				GCC_PREPROCESSOR_DEFINITIONS = (
					"DEBUG=1",
					"$(inherited)",
				);
				INFOPLIST_FILE = "GhostchatTests/GhostchatTests-Info.plist";
				PRODUCT_NAME = "$(TARGET_NAME)";
				TEST_HOST = "$(BUNDLE_LOADER)";
				WRAPPER_EXTENSION = xctest;
			};
			name = Debug;
		};
		143242FF193A57EA0087230F /* Release */ = {
			isa = XCBuildConfiguration;
			buildSettings = {
				BUNDLE_LOADER = "$(BUILT_PRODUCTS_DIR)/Ghostchat.app/Ghostchat";
				FRAMEWORK_SEARCH_PATHS = (
					"$(SDKROOT)/Developer/Library/Frameworks",
					"$(inherited)",
					"$(DEVELOPER_FRAMEWORKS_DIR)",
				);
				GCC_PRECOMPILE_PREFIX_HEADER = YES;
				GCC_PREFIX_HEADER = "Ghostchat/Ghostchat-Prefix.pch";
				INFOPLIST_FILE = "GhostchatTests/GhostchatTests-Info.plist";
				PRODUCT_NAME = "$(TARGET_NAME)";
				TEST_HOST = "$(BUNDLE_LOADER)";
				WRAPPER_EXTENSION = xctest;
			};
			name = Release;
		};
/* End XCBuildConfiguration section */

/* Begin XCConfigurationList section */
		143242C9193A57EA0087230F /* Build configuration list for PBXProject "Ghostchat" */ = {
			isa = XCConfigurationList;
			buildConfigurations = (
				143242F8193A57EA0087230F /* Debug */,
				143242F9193A57EA0087230F /* Release */,
			);
			defaultConfigurationIsVisible = 0;
			defaultConfigurationName = Release;
		};
		143242FA193A57EA0087230F /* Build configuration list for PBXNativeTarget "Ghostchat" */ = {
			isa = XCConfigurationList;
			buildConfigurations = (
				143242FB193A57EA0087230F /* Debug */,
				143242FC193A57EA0087230F /* Release */,
			);
			defaultConfigurationIsVisible = 0;
			defaultConfigurationName = Release;
		};
		143242FD193A57EA0087230F /* Build configuration list for PBXNativeTarget "GhostchatTests" */ = {
			isa = XCConfigurationList;
			buildConfigurations = (
				143242FE193A57EA0087230F /* Debug */,
				143242FF193A57EA0087230F /* Release */,
			);
			defaultConfigurationIsVisible = 0;
			defaultConfigurationName = Release;
		};
/* End XCConfigurationList section */
	};
	rootObject = 143242C6193A57EA0087230F /* Project object */;
}
